
Microsoft Visual Studio Solution File, Format Version 12.00
# Visual Studio 14
VisualStudioVersion = 14.0.25420.1
MinimumVisualStudioVersion = 10.0.40219.1
Project("{FAE04EC0-301F-11D3-BF4B-00C04F79EFBC}") = "Fibonacci", "Fibonacci\Fibonacci.csproj", "{F291B01E-073B-4CA8-B84F-69A0816E8AFA}"
EndProject
Project("{FAE04EC0-301F-11D3-BF4B-00C04F79EFBC}") = "FibonacciTest", "FibonacciTest\FibonacciTest.csproj", "{7C038ADD-7692-446F-82EE-261E5D11B2B1}"
EndProject
Global
	GlobalSection(SolutionConfigurationPlatforms) = preSolution
		Debug|Any CPU = Debug|Any CPU
		Debug|x86 = Debug|x86
		Release|Any CPU = Release|Any CPU
		Release|x86 = Release|x86
	EndGlobalSection
	GlobalSection(ProjectConfigurationPlatforms) = postSolution
		{F291B01E-073B-4CA8-B84F-69A0816E8AFA}.Debug|Any CPU.ActiveCfg = Debug|Any CPU
		{F291B01E-073B-4CA8-B84F-69A0816E8AFA}.Debug|Any CPU.Build.0 = Debug|Any CPU
		{F291B01E-073B-4CA8-B84F-69A0816E8AFA}.Debug|x86.ActiveCfg = Debug|Any CPU
		{F291B01E-073B-4CA8-B84F-69A0816E8AFA}.Debug|x86.Build.0 = Debug|Any CPU
		{F291B01E-073B-4CA8-B84F-69A0816E8AFA}.Release|Any CPU.ActiveCfg = Release|Any CPU
		{F291B01E-073B-4CA8-B84F-69A0816E8AFA}.Release|Any CPU.Build.0 = Release|Any CPU
		{F291B01E-073B-4CA8-B84F-69A0816E8AFA}.Release|x86.ActiveCfg = Release|Any CPU
		{F291B01E-073B-4CA8-B84F-69A0816E8AFA}.Release|x86.Build.0 = Release|Any CPU
		{7C038ADD-7692-446F-82EE-261E5D11B2B1}.Debug|Any CPU.ActiveCfg = Debug|Any CPU
		{7C038ADD-7692-446F-82EE-261E5D11B2B1}.Debug|Any CPU.Build.0 = Debug|Any CPU
		{7C038ADD-7692-446F-82EE-261E5D11B2B1}.Debug|x86.ActiveCfg = Debug|Any CPU
		{7C038ADD-7692-446F-82EE-261E5D11B2B1}.Debug|x86.Build.0 = Debug|Any CPU
		{7C038ADD-7692-446F-82EE-261E5D11B2B1}.Release|Any CPU.ActiveCfg = Release|Any CPU
		{7C038ADD-7692-446F-82EE-261E5D11B2B1}.Release|Any CPU.Build.0 = Release|Any CPU
		{7C038ADD-7692-446F-82EE-261E5D11B2B1}.Release|x86.ActiveCfg = Release|Any CPU
		{7C038ADD-7692-446F-82EE-261E5D11B2B1}.Release|x86.Build.0 = Release|Any CPU
	EndGlobalSection
	GlobalSection(SolutionProperties) = preSolution
		HideSolutionNode = FALSE
	EndGlobalSection
EndGlobal
